
Microsoft Visual Studio Solution File, Format Version 12.00
# Visual Studio Version 17
VisualStudioVersion = 17.5.33502.453
MinimumVisualStudioVersion = 10.0.40219.1
Project("{FAE04EC0-301F-11D3-BF4B-00C04F79EFBC}") = "Ecmmerce", "Ecmmerce\Ecmmerce.csproj", "{6CCF8299-9892-451B-ADBE-D59C56F5E4C1}"
EndProject
Global
	GlobalSection(SolutionConfigurationPlatforms) = preSolution
		Debug|Any CPU = Debug|Any CPU
		Release|Any CPU = Release|Any CPU
	EndGlobalSection
	GlobalSection(ProjectConfigurationPlatforms) = postSolution
		{6CCF8299-9892-451B-ADBE-D59C56F5E4C1}.Debug|Any CPU.ActiveCfg = Debug|Any CPU
		{6CCF8299-9892-451B-ADBE-D59C56F5E4C1}.Debug|Any CPU.Build.0 = Debug|Any CPU
		{6CCF8299-9892-451B-ADBE-D59C56F5E4C1}.Release|Any CPU.ActiveCfg = Release|Any CPU
		{6CCF8299-9892-451B-ADBE-D59C56F5E4C1}.Release|Any CPU.Build.0 = Release|Any CPU
	EndGlobalSection
	GlobalSection(SolutionProperties) = preSolution
		HideSolutionNode = FALSE
	EndGlobalSection
	GlobalSection(ExtensibilityGlobals) = postSolution
		SolutionGuid = {D3312138-9D03-4B2C-8305-2E914ED9C583}
	EndGlobalSection
EndGlobal
